{
    __meta__ = {
        version = "1.0"
    },
    ["windows|x64"] = {
        ["cmake#31fecfc4"] = {
            repo = {
                branch = "master",
                commit = "7e9857ec74d6ecaad0156a7f12facb51086922bc",
                url = "https://gitlab.com/tboox/xmake-repo.git"
            },
            version = "3.31.3"
        },
        ["directxmath 2024.02#31fecfc4"] = {
            repo = {
                branch = "master",
                commit = "1c4a5226d098031c7980196c162975781e1627cd",
                url = "https://gitlab.com/tboox/xmake-repo.git"
            },
            version = "2024.02"
        },
        ["directxtk 24.2.0#31fecfc4"] = {
            repo = {
                branch = "master",
                commit = "85f95730ce94fa946b64fe1f69db6346eb0a01fc",
                url = "https://gitlab.com/tboox/xmake-repo.git"
            },
            version = "24.2.0"
        },
        ["ninja#31fecfc4"] = {
            repo = {
                branch = "master",
                commit = "7e9857ec74d6ecaad0156a7f12facb51086922bc",
                url = "https://gitlab.com/tboox/xmake-repo.git"
            },
            version = "1.12.1"
        },
        ["rapidcsv v8.92#31fecfc4"] = {
            branch = "v8.92",
            repo = {
                branch = "master",
                commit = "7e9857ec74d6ecaad0156a7f12facb51086922bc",
                url = "https://gitlab.com/tboox/xmake-repo.git"
            },
            version = "v8.92"
        },
        ["simpleini#31fecfc4"] = {
            repo = {
                branch = "master",
                commit = "7e9857ec74d6ecaad0156a7f12facb51086922bc",
                url = "https://gitlab.com/tboox/xmake-repo.git"
            },
            version = "v4.25"
        },
        ["spdlog v1.16.0#9c36f0a9"] = {
            repo = {
                branch = "master",
                commit = "7e9857ec74d6ecaad0156a7f12facb51086922bc",
                url = "https://gitlab.com/tboox/xmake-repo.git"
            },
            version = "v1.16.0"
        }
    }
}